
Microsoft Visual Studio Solution File, Format Version 12.00
# Visual Studio Version 17
VisualStudioVersion = 17.11.35327.3
MinimumVisualStudioVersion = 10.0.40219.1
Project("{FAE04EC0-301F-11D3-BF4B-00C04F79EFBC}") = "CrudProductos", "CrudProductos.csproj", "{CF36ECAB-A673-45F1-A10F-ACF370F768BA}"
EndProject
Global
	GlobalSection(SolutionConfigurationPlatforms) = preSolution
		Debug|Any CPU = Debug|Any CPU
		Release|Any CPU = Release|Any CPU
	EndGlobalSection
	GlobalSection(ProjectConfigurationPlatforms) = postSolution
		{CF36ECAB-A673-45F1-A10F-ACF370F768BA}.Debug|Any CPU.ActiveCfg = Debug|Any CPU
		{CF36ECAB-A673-45F1-A10F-ACF370F768BA}.Debug|Any CPU.Build.0 = Debug|Any CPU
		{CF36ECAB-A673-45F1-A10F-ACF370F768BA}.Release|Any CPU.ActiveCfg = Release|Any CPU
		{CF36ECAB-A673-45F1-A10F-ACF370F768BA}.Release|Any CPU.Build.0 = Release|Any CPU
	EndGlobalSection
	GlobalSection(SolutionProperties) = preSolution
		HideSolutionNode = FALSE
	EndGlobalSection
	GlobalSection(ExtensibilityGlobals) = postSolution
		SolutionGuid = {725F6EBC-26E4-46F2-B0B2-4B7AC26A383D}
	EndGlobalSection
EndGlobal
